
Microsoft Visual Studio Solution File, Format Version 12.00
Project("{FAE04EC0-301F-11D3-BF4B-00C04F79EFBC}") = "Threads", "Threads\Threads.csproj", "{59EDC596-E4B3-49C4-87A5-6B476E1D7F34}"
EndProject
Global
	GlobalSection(SolutionConfigurationPlatforms) = preSolution
		Debug|Any CPU = Debug|Any CPU
		Release|Any CPU = Release|Any CPU
	EndGlobalSection
	GlobalSection(ProjectConfigurationPlatforms) = postSolution
		{59EDC596-E4B3-49C4-87A5-6B476E1D7F34}.Debug|Any CPU.ActiveCfg = Debug|Any CPU
		{59EDC596-E4B3-49C4-87A5-6B476E1D7F34}.Debug|Any CPU.Build.0 = Debug|Any CPU
		{59EDC596-E4B3-49C4-87A5-6B476E1D7F34}.Release|Any CPU.ActiveCfg = Release|Any CPU
		{59EDC596-E4B3-49C4-87A5-6B476E1D7F34}.Release|Any CPU.Build.0 = Release|Any CPU
	EndGlobalSection
EndGlobal
