
Microsoft Visual Studio Solution File, Format Version 12.00
Project("{FAE04EC0-301F-11D3-BF4B-00C04F79EFBC}") = "C-Sharp-Advanced-Concepts", "C-Sharp-Advanced-Concepts\C-Sharp-Advanced-Concepts.csproj", "{D16FDAD8-F0C0-432E-B7BC-74F9B93DBE33}"
EndProject
Global
	GlobalSection(SolutionConfigurationPlatforms) = preSolution
		Debug|Any CPU = Debug|Any CPU
		Release|Any CPU = Release|Any CPU
	EndGlobalSection
	GlobalSection(ProjectConfigurationPlatforms) = postSolution
		{D16FDAD8-F0C0-432E-B7BC-74F9B93DBE33}.Debug|Any CPU.ActiveCfg = Debug|Any CPU
		{D16FDAD8-F0C0-432E-B7BC-74F9B93DBE33}.Debug|Any CPU.Build.0 = Debug|Any CPU
		{D16FDAD8-F0C0-432E-B7BC-74F9B93DBE33}.Release|Any CPU.ActiveCfg = Release|Any CPU
		{D16FDAD8-F0C0-432E-B7BC-74F9B93DBE33}.Release|Any CPU.Build.0 = Release|Any CPU
	EndGlobalSection
EndGlobal
