
Microsoft Visual Studio Solution File, Format Version 12.00
# Visual Studio 15
VisualStudioVersion = 15.0.26124.0
MinimumVisualStudioVersion = 15.0.26124.0
Project("{2150E333-8FDC-42A3-9474-1A3956D46DE8}") = "test", "test", "{1DA5B5E1-2386-4A60-86F9-0DA96C3D1DCB}"
EndProject
Project("{FAE04EC0-301F-11D3-BF4B-00C04F79EFBC}") = "GradeBook.Tests", "test\GradeBook.Tests\GradeBook.Tests.csproj", "{7529BE77-BDF3-43A8-AE26-57986262C85F}"
EndProject
Project("{2150E333-8FDC-42A3-9474-1A3956D46DE8}") = "src", "src", "{5538C058-5757-44C8-A504-954E764C59A3}"
EndProject
Project("{FAE04EC0-301F-11D3-BF4B-00C04F79EFBC}") = "GradeBook", "src\GradeBook\GradeBook.csproj", "{D0CDD510-FF5D-4A99-9175-38B78E495C32}"
EndProject
Global
	GlobalSection(SolutionConfigurationPlatforms) = preSolution
		Debug|Any CPU = Debug|Any CPU
		Debug|x64 = Debug|x64
		Debug|x86 = Debug|x86
		Release|Any CPU = Release|Any CPU
		Release|x64 = Release|x64
		Release|x86 = Release|x86
	EndGlobalSection
	GlobalSection(SolutionProperties) = preSolution
		HideSolutionNode = FALSE
	EndGlobalSection
	GlobalSection(ProjectConfigurationPlatforms) = postSolution
		{7529BE77-BDF3-43A8-AE26-57986262C85F}.Debug|Any CPU.ActiveCfg = Debug|Any CPU
		{7529BE77-BDF3-43A8-AE26-57986262C85F}.Debug|Any CPU.Build.0 = Debug|Any CPU
		{7529BE77-BDF3-43A8-AE26-57986262C85F}.Debug|x64.ActiveCfg = Debug|Any CPU
		{7529BE77-BDF3-43A8-AE26-57986262C85F}.Debug|x64.Build.0 = Debug|Any CPU
		{7529BE77-BDF3-43A8-AE26-57986262C85F}.Debug|x86.ActiveCfg = Debug|Any CPU
		{7529BE77-BDF3-43A8-AE26-57986262C85F}.Debug|x86.Build.0 = Debug|Any CPU
		{7529BE77-BDF3-43A8-AE26-57986262C85F}.Release|Any CPU.ActiveCfg = Release|Any CPU
		{7529BE77-BDF3-43A8-AE26-57986262C85F}.Release|Any CPU.Build.0 = Release|Any CPU
		{7529BE77-BDF3-43A8-AE26-57986262C85F}.Release|x64.ActiveCfg = Release|Any CPU
		{7529BE77-BDF3-43A8-AE26-57986262C85F}.Release|x64.Build.0 = Release|Any CPU
		{7529BE77-BDF3-43A8-AE26-57986262C85F}.Release|x86.ActiveCfg = Release|Any CPU
		{7529BE77-BDF3-43A8-AE26-57986262C85F}.Release|x86.Build.0 = Release|Any CPU
		{D0CDD510-FF5D-4A99-9175-38B78E495C32}.Debug|Any CPU.ActiveCfg = Debug|Any CPU
		{D0CDD510-FF5D-4A99-9175-38B78E495C32}.Debug|Any CPU.Build.0 = Debug|Any CPU
		{D0CDD510-FF5D-4A99-9175-38B78E495C32}.Debug|x64.ActiveCfg = Debug|Any CPU
		{D0CDD510-FF5D-4A99-9175-38B78E495C32}.Debug|x64.Build.0 = Debug|Any CPU
		{D0CDD510-FF5D-4A99-9175-38B78E495C32}.Debug|x86.ActiveCfg = Debug|Any CPU
		{D0CDD510-FF5D-4A99-9175-38B78E495C32}.Debug|x86.Build.0 = Debug|Any CPU
		{D0CDD510-FF5D-4A99-9175-38B78E495C32}.Release|Any CPU.ActiveCfg = Release|Any CPU
		{D0CDD510-FF5D-4A99-9175-38B78E495C32}.Release|Any CPU.Build.0 = Release|Any CPU
		{D0CDD510-FF5D-4A99-9175-38B78E495C32}.Release|x64.ActiveCfg = Release|Any CPU
		{D0CDD510-FF5D-4A99-9175-38B78E495C32}.Release|x64.Build.0 = Release|Any CPU
		{D0CDD510-FF5D-4A99-9175-38B78E495C32}.Release|x86.ActiveCfg = Release|Any CPU
		{D0CDD510-FF5D-4A99-9175-38B78E495C32}.Release|x86.Build.0 = Release|Any CPU
	EndGlobalSection
	GlobalSection(NestedProjects) = preSolution
		{7529BE77-BDF3-43A8-AE26-57986262C85F} = {1DA5B5E1-2386-4A60-86F9-0DA96C3D1DCB}
		{D0CDD510-FF5D-4A99-9175-38B78E495C32} = {5538C058-5757-44C8-A504-954E764C59A3}
	EndGlobalSection
EndGlobal
